
Microsoft Visual Studio Solution File, Format Version 12.00
# Visual Studio Version 16
VisualStudioVersion = 16.0.30114.105
MinimumVisualStudioVersion = 10.0.40219.1
Project("{FAE04EC0-301F-11D3-BF4B-00C04F79EFBC}") = "TelegramParser", "TelegramParser\TelegramParser.csproj", "{2DF8D8A9-E783-4D7A-8EBF-9A9E08A820F0}"
EndProject
Global
	GlobalSection(SolutionConfigurationPlatforms) = preSolution
		Debug|Any CPU = Debug|Any CPU
		Release|Any CPU = Release|Any CPU
	EndGlobalSection
	GlobalSection(ProjectConfigurationPlatforms) = postSolution
		{2DF8D8A9-E783-4D7A-8EBF-9A9E08A820F0}.Debug|Any CPU.ActiveCfg = Debug|Any CPU
		{2DF8D8A9-E783-4D7A-8EBF-9A9E08A820F0}.Debug|Any CPU.Build.0 = Debug|Any CPU
		{2DF8D8A9-E783-4D7A-8EBF-9A9E08A820F0}.Release|Any CPU.ActiveCfg = Release|Any CPU
		{2DF8D8A9-E783-4D7A-8EBF-9A9E08A820F0}.Release|Any CPU.Build.0 = Release|Any CPU
	EndGlobalSection
	GlobalSection(SolutionProperties) = preSolution
		HideSolutionNode = FALSE
	EndGlobalSection
	GlobalSection(ExtensibilityGlobals) = postSolution
		SolutionGuid = {0B726416-1D98-497C-8031-0B8F91123CD0}
	EndGlobalSection
EndGlobal
